
Microsoft Visual Studio Solution File, Format Version 12.00
# Visual Studio Version 17
VisualStudioVersion = 17.2.32526.322
MinimumVisualStudioVersion = 10.0.40219.1
Project("{FAE04EC0-301F-11D3-BF4B-00C04F79EFBC}") = "demo graphql", "demo graphql.csproj", "{DA934453-930F-4F1C-A136-EA6E1F6F6D0F}"
EndProject
Project("{2150E333-8FDC-42A3-9474-1A3956D46DE8}") = "Solution Items", "Solution Items", "{B348B17A-E331-4D85-9DAF-2D5C64AC18CD}"
	ProjectSection(SolutionItems) = preProject
		.editorconfig = .editorconfig
	EndProjectSection
EndProject
Global
	GlobalSection(SolutionConfigurationPlatforms) = preSolution
		Debug|Any CPU = Debug|Any CPU
		Release|Any CPU = Release|Any CPU
	EndGlobalSection
	GlobalSection(ProjectConfigurationPlatforms) = postSolution
		{DA934453-930F-4F1C-A136-EA6E1F6F6D0F}.Debug|Any CPU.ActiveCfg = Debug|Any CPU
		{DA934453-930F-4F1C-A136-EA6E1F6F6D0F}.Debug|Any CPU.Build.0 = Debug|Any CPU
		{DA934453-930F-4F1C-A136-EA6E1F6F6D0F}.Release|Any CPU.ActiveCfg = Release|Any CPU
		{DA934453-930F-4F1C-A136-EA6E1F6F6D0F}.Release|Any CPU.Build.0 = Release|Any CPU
	EndGlobalSection
	GlobalSection(SolutionProperties) = preSolution
		HideSolutionNode = FALSE
	EndGlobalSection
	GlobalSection(ExtensibilityGlobals) = postSolution
		SolutionGuid = {D99C3BA0-5C2D-42D6-95C8-91B611841248}
	EndGlobalSection
EndGlobal
